
Microsoft Visual Studio Solution File, Format Version 12.00
# Visual Studio Version 17
VisualStudioVersion = 17.8.34330.188
MinimumVisualStudioVersion = 10.0.40219.1
Project("{FAE04EC0-301F-11D3-BF4B-00C04F79EFBC}") = "Calculator", "Calculator.csproj", "{6A2E7218-2EB8-4971-AC60-87034241F5E1}"
EndProject
Global
	GlobalSection(SolutionConfigurationPlatforms) = preSolution
		Debug|Any CPU = Debug|Any CPU
		Release|Any CPU = Release|Any CPU
	EndGlobalSection
	GlobalSection(ProjectConfigurationPlatforms) = postSolution
		{6A2E7218-2EB8-4971-AC60-87034241F5E1}.Debug|Any CPU.ActiveCfg = Debug|Any CPU
		{6A2E7218-2EB8-4971-AC60-87034241F5E1}.Debug|Any CPU.Build.0 = Debug|Any CPU
		{6A2E7218-2EB8-4971-AC60-87034241F5E1}.Release|Any CPU.ActiveCfg = Release|Any CPU
		{6A2E7218-2EB8-4971-AC60-87034241F5E1}.Release|Any CPU.Build.0 = Release|Any CPU
	EndGlobalSection
	GlobalSection(SolutionProperties) = preSolution
		HideSolutionNode = FALSE
	EndGlobalSection
	GlobalSection(ExtensibilityGlobals) = postSolution
		SolutionGuid = {0152E7C0-DBBC-4F5A-A92F-F9FEAE110FB5}
	EndGlobalSection
EndGlobal
